
Microsoft Visual Studio Solution File, Format Version 12.00
# Visual Studio Version 17
VisualStudioVersion = 17.11.35208.52
MinimumVisualStudioVersion = 10.0.40219.1
Project("{FAE04EC0-301F-11D3-BF4B-00C04F79EFBC}") = "SearchTask2", "SearchTask2.csproj", "{31031F32-0654-4411-9F3C-52C78A7ED6B8}"
EndProject
Global
	GlobalSection(SolutionConfigurationPlatforms) = preSolution
		Debug|Any CPU = Debug|Any CPU
		Release|Any CPU = Release|Any CPU
	EndGlobalSection
	GlobalSection(ProjectConfigurationPlatforms) = postSolution
		{31031F32-0654-4411-9F3C-52C78A7ED6B8}.Debug|Any CPU.ActiveCfg = Debug|Any CPU
		{31031F32-0654-4411-9F3C-52C78A7ED6B8}.Debug|Any CPU.Build.0 = Debug|Any CPU
		{31031F32-0654-4411-9F3C-52C78A7ED6B8}.Release|Any CPU.ActiveCfg = Release|Any CPU
		{31031F32-0654-4411-9F3C-52C78A7ED6B8}.Release|Any CPU.Build.0 = Release|Any CPU
	EndGlobalSection
	GlobalSection(SolutionProperties) = preSolution
		HideSolutionNode = FALSE
	EndGlobalSection
	GlobalSection(ExtensibilityGlobals) = postSolution
		SolutionGuid = {7E730366-D1FA-4C4A-9B7B-BAFE1DA0A63E}
	EndGlobalSection
EndGlobal
